
Microsoft Visual Studio Solution File, Format Version 12.00
# Visual Studio 2012
Project("{FAE04EC0-301F-11D3-BF4B-00C04F79EFBC}") = "CloudTester", "CloudTester\CloudTester.csproj", "{A35340D3-BF36-437D-98F1-D7F1FF535B83}"
EndProject
Global
	GlobalSection(SolutionConfigurationPlatforms) = preSolution
		Debug|Any CPU = Debug|Any CPU
		Release|Any CPU = Release|Any CPU
	EndGlobalSection
	GlobalSection(ProjectConfigurationPlatforms) = postSolution
		{A35340D3-BF36-437D-98F1-D7F1FF535B83}.Debug|Any CPU.ActiveCfg = Debug|Any CPU
		{A35340D3-BF36-437D-98F1-D7F1FF535B83}.Debug|Any CPU.Build.0 = Debug|Any CPU
		{A35340D3-BF36-437D-98F1-D7F1FF535B83}.Release|Any CPU.ActiveCfg = Release|Any CPU
		{A35340D3-BF36-437D-98F1-D7F1FF535B83}.Release|Any CPU.Build.0 = Release|Any CPU
	EndGlobalSection
	GlobalSection(SolutionProperties) = preSolution
		HideSolutionNode = FALSE
	EndGlobalSection
EndGlobal
